
Microsoft Visual Studio Solution File, Format Version 12.00
# Visual Studio Version 16
VisualStudioVersion = 16.0.31129.286
MinimumVisualStudioVersion = 10.0.40219.1
Project("{FAE04EC0-301F-11D3-BF4B-00C04F79EFBC}") = "G102", "G102\G102.csproj", "{C7B2302F-8F7F-4789-9870-4425961B6804}"
EndProject
Project("{FAE04EC0-301F-11D3-BF4B-00C04F79EFBC}") = "RgbNetDeviceProvider", "RgbNetDeviceProvider\RgbNetDeviceProvider.csproj", "{2333FBB5-2EF2-4CAD-A6D6-051A71A55AF5}"
EndProject
Global
	GlobalSection(SolutionConfigurationPlatforms) = preSolution
		Debug|Any CPU = Debug|Any CPU
		Debug|x64 = Debug|x64
		Release|Any CPU = Release|Any CPU
		Release|x64 = Release|x64
	EndGlobalSection
	GlobalSection(ProjectConfigurationPlatforms) = postSolution
		{C7B2302F-8F7F-4789-9870-4425961B6804}.Debug|Any CPU.ActiveCfg = Debug|x64
		{C7B2302F-8F7F-4789-9870-4425961B6804}.Debug|x64.ActiveCfg = Debug|x64
		{C7B2302F-8F7F-4789-9870-4425961B6804}.Debug|x64.Build.0 = Debug|x64
		{C7B2302F-8F7F-4789-9870-4425961B6804}.Release|Any CPU.ActiveCfg = Release|x64
		{C7B2302F-8F7F-4789-9870-4425961B6804}.Release|x64.ActiveCfg = Release|x64
		{C7B2302F-8F7F-4789-9870-4425961B6804}.Release|x64.Build.0 = Release|x64
		{2333FBB5-2EF2-4CAD-A6D6-051A71A55AF5}.Debug|Any CPU.ActiveCfg = Debug|Any CPU
		{2333FBB5-2EF2-4CAD-A6D6-051A71A55AF5}.Debug|Any CPU.Build.0 = Debug|Any CPU
		{2333FBB5-2EF2-4CAD-A6D6-051A71A55AF5}.Debug|x64.ActiveCfg = Debug|Any CPU
		{2333FBB5-2EF2-4CAD-A6D6-051A71A55AF5}.Debug|x64.Build.0 = Debug|Any CPU
		{2333FBB5-2EF2-4CAD-A6D6-051A71A55AF5}.Release|Any CPU.ActiveCfg = Release|Any CPU
		{2333FBB5-2EF2-4CAD-A6D6-051A71A55AF5}.Release|Any CPU.Build.0 = Release|Any CPU
		{2333FBB5-2EF2-4CAD-A6D6-051A71A55AF5}.Release|x64.ActiveCfg = Release|Any CPU
		{2333FBB5-2EF2-4CAD-A6D6-051A71A55AF5}.Release|x64.Build.0 = Release|Any CPU
	EndGlobalSection
	GlobalSection(SolutionProperties) = preSolution
		HideSolutionNode = FALSE
	EndGlobalSection
	GlobalSection(ExtensibilityGlobals) = postSolution
		SolutionGuid = {5ACF4253-A8B2-411D-BF89-D30ED300CDD6}
	EndGlobalSection
EndGlobal
